
Microsoft Visual Studio Solution File, Format Version 12.00
# Visual Studio Version 17
VisualStudioVersion = 17.9.34714.143
MinimumVisualStudioVersion = 10.0.40219.1
Project("{9A19103F-16F7-4668-BE54-9A1E7A4F7556}") = "Hogwarts", "XiaoMao\Hogwarts.csproj", "{5F4E2A65-29DE-4DD5-B1F5-D81A2251815D}"
EndProject
Project("{9A19103F-16F7-4668-BE54-9A1E7A4F7556}") = "HumanTest", "HumanTest\HumanTest.csproj", "{CD76CE90-4607-48A6-8705-F5538682DCE7}"
EndProject
Global
	GlobalSection(SolutionConfigurationPlatforms) = preSolution
		Debug|Any CPU = Debug|Any CPU
		Release|Any CPU = Release|Any CPU
	EndGlobalSection
	GlobalSection(ProjectConfigurationPlatforms) = postSolution
		{5F4E2A65-29DE-4DD5-B1F5-D81A2251815D}.Debug|Any CPU.ActiveCfg = Debug|Any CPU
		{5F4E2A65-29DE-4DD5-B1F5-D81A2251815D}.Debug|Any CPU.Build.0 = Debug|Any CPU
		{5F4E2A65-29DE-4DD5-B1F5-D81A2251815D}.Release|Any CPU.ActiveCfg = Release|Any CPU
		{5F4E2A65-29DE-4DD5-B1F5-D81A2251815D}.Release|Any CPU.Build.0 = Release|Any CPU
		{CD76CE90-4607-48A6-8705-F5538682DCE7}.Debug|Any CPU.ActiveCfg = Debug|Any CPU
		{CD76CE90-4607-48A6-8705-F5538682DCE7}.Debug|Any CPU.Build.0 = Debug|Any CPU
		{CD76CE90-4607-48A6-8705-F5538682DCE7}.Release|Any CPU.ActiveCfg = Release|Any CPU
		{CD76CE90-4607-48A6-8705-F5538682DCE7}.Release|Any CPU.Build.0 = Release|Any CPU
	EndGlobalSection
	GlobalSection(SolutionProperties) = preSolution
		HideSolutionNode = FALSE
	EndGlobalSection
	GlobalSection(ExtensibilityGlobals) = postSolution
		SolutionGuid = {0E7AD210-597F-4975-BCED-25FD36018ADE}
	EndGlobalSection
EndGlobal
